# This file is autogenerated, do not edit; changes may be undone by the next 'dep ensure'.


[[projects]]
  branch = "master"
  name = "github.com/agl/ed25519"
  packages = [
    ".",
    "edwards25519"
  ]
  revision = "5312a61534124124185d41f09206b9fef1d88403"

[[projects]]
  name = "github.com/certifi/gocertifi"
  packages = ["."]
  revision = "deb3ae2ef2610fde3330947281941c562861188b"
  version = "2018.01.18"

[[projects]]
  branch = "master"
  name = "github.com/cloudflare/redoctober"
  packages = [
    "client",
    "config",
    "core",
    "cryptor",
    "ecdh",
    "hipchat",
    "keycache",
    "msp",
    "order",
    "padding",
    "passvault",
    "persist",
    "report",
    "symcrypt"
  ]
  revision = "c0b30b638ae6f0ef96750577df9e676b49000645"

[[projects]]
  branch = "master"
  name = "github.com/conformal/yubikey"
  packages = ["."]
  revision = "65ac3de5ed8f250baa58a3280ccf5351d241b6a0"

[[projects]]
  name = "github.com/getsentry/raven-go"
  packages = ["."]
  revision = "3f7439d3e74d88e21d196ba20eb61a5a958bc118"

[[projects]]
  branch = "master"
  name = "github.com/gokyle/readpass"
  packages = ["."]
  revision = "d7e39d2c89f57f44d90b8a75c15b0854b2c33e79"

[[projects]]
  name = "github.com/gorilla/context"
  packages = ["."]
  revision = "1ea25387ff6f684839d82767c1733ff4d4d15d0a"
  version = "v1.1"

[[projects]]
  name = "github.com/gorilla/mux"
  packages = ["."]
  revision = "e3702bed27f0d39777b0b37b664b6280e8ef8fbf"
  version = "v1.6.2"

[[projects]]
  name = "golang.org/x/crypto"
  packages = [
    "bcrypt",
    "blowfish",
    "curve25519",
    "ed25519",
    "ed25519/internal/edwards25519",
    "nacl/box",
    "nacl/secretbox",
    "pbkdf2",
    "poly1305",
    "salsa20/salsa",
    "scrypt",
    "ssh",
    "ssh/terminal"
  ]
  revision = "e0d166c33c321d0ff863f459a5882096e334f508"

[solve-meta]
  analyzer-name = "dep"
  analyzer-version = 1
  inputs-digest = "272baa716482f349d20eb3366e7ecb4351f958deccb68c3cc5939c234349d92a"
  solver-name = "gps-cdcl"
  solver-version = 1
