# This file is autogenerated, do not edit; changes may be undone by the next 'dep ensure'.


[[projects]]
  branch = "master"
  digest = "1:47ea4fbe2ab4aeb9808502c51e657041c2e49b36b83fc1c1a349135cdf16342f"
  name = "github.com/agl/ed25519"
  packages = [
    ".",
    "edwards25519",
  ]
  pruneopts = "UT"
  revision = "5312a61534124124185d41f09206b9fef1d88403"

[[projects]]
  digest = "1:fed1f537c2f1269fe475a8556c393fe466641682d73ef8fd0491cd3aa1e47bad"
  name = "github.com/certifi/gocertifi"
  packages = ["."]
  pruneopts = "UT"
  revision = "deb3ae2ef2610fde3330947281941c562861188b"
  version = "2018.01.18"

[[projects]]
  branch = "master"
  digest = "1:f000ed0b85da397b281d2384eb9dca517ad8a48b235973cd5ea246875b5f11cb"
  name = "github.com/cloudflare/redoctober"
  packages = [
    "client",
    "config",
    "core",
    "cryptor",
    "ecdh",
    "hipchat",
    "keycache",
    "msp",
    "order",
    "padding",
    "passvault",
    "persist",
    "report",
    "symcrypt",
  ]
  pruneopts = "UT"
  revision = "c0b30b638ae6f0ef96750577df9e676b49000645"

[[projects]]
  branch = "master"
  digest = "1:fd92cc560a7a4a77b786d752e6ee78eb31d253a410ba3c2c9b4e028ee5a47285"
  name = "github.com/conformal/yubikey"
  packages = ["."]
  pruneopts = "UT"
  revision = "65ac3de5ed8f250baa58a3280ccf5351d241b6a0"

[[projects]]
  digest = "1:38a61373ccb24ce39bf9ce7ad506a7578737fd65db5b6f22f8b30a9113bbdb50"
  name = "github.com/getsentry/raven-go"
  packages = ["."]
  pruneopts = "UT"
  revision = "3f7439d3e74d88e21d196ba20eb61a5a958bc118"

[[projects]]
  branch = "master"
  digest = "1:7314700e9b187fac81acce3a822122a93b24d6ae22836db76aba71de713f17d3"
  name = "github.com/gokyle/readpass"
  packages = ["."]
  pruneopts = "UT"
  revision = "d7e39d2c89f57f44d90b8a75c15b0854b2c33e79"

[[projects]]
  digest = "1:160eabf7a69910fd74f29c692718bc2437c1c1c7d4c9dea9712357752a70e5df"
  name = "github.com/gorilla/context"
  packages = ["."]
  pruneopts = "UT"
  revision = "1ea25387ff6f684839d82767c1733ff4d4d15d0a"
  version = "v1.1"

[[projects]]
  digest = "1:e73f5b0152105f18bc131fba127d9949305c8693f8a762588a82a48f61756f5f"
  name = "github.com/gorilla/mux"
  packages = ["."]
  pruneopts = "UT"
  revision = "e3702bed27f0d39777b0b37b664b6280e8ef8fbf"
  version = "v1.6.2"

[[projects]]
  digest = "1:5258068b2b83fac8c8fb9fc64f10c6885d61c0818c86f2836ef2c52dc0f29522"
  name = "github.com/rsc/qr"
  packages = ["."]
  pruneopts = "UT"
  revision = "48b2ede4844e13f1a2b7ce4d2529c9af7e359fc5"
  version = "v0.1.0"

[[projects]]
  digest = "1:4904efeb3cc5f3968f82e571af505aa496731dc0ddbf238842aee9e7e4ed2c7e"
  name = "golang.org/x/crypto"
  packages = [
    "bcrypt",
    "blowfish",
    "curve25519",
    "ed25519",
    "ed25519/internal/edwards25519",
    "nacl/box",
    "nacl/secretbox",
    "pbkdf2",
    "poly1305",
    "salsa20/salsa",
    "scrypt",
    "ssh",
    "ssh/terminal",
  ]
  pruneopts = "UT"
  revision = "e0d166c33c321d0ff863f459a5882096e334f508"

[[projects]]
  digest = "1:10aaee8ca3ebf2edad8e33398da918b7948f541cd372ff1a8948f724cfd4610f"
  name = "rsc.io/qr"
  packages = [
    "coding",
    "gf256",
  ]
  pruneopts = "UT"
  revision = "48b2ede4844e13f1a2b7ce4d2529c9af7e359fc5"
  version = "v0.1.0"

[solve-meta]
  analyzer-name = "dep"
  analyzer-version = 1
  input-imports = [
    "github.com/agl/ed25519",
    "github.com/cloudflare/redoctober/client",
    "github.com/cloudflare/redoctober/core",
    "github.com/cloudflare/redoctober/keycache",
    "github.com/conformal/yubikey",
    "github.com/gokyle/readpass",
    "github.com/gorilla/mux",
    "github.com/rsc/qr",
    "golang.org/x/crypto/bcrypt",
    "golang.org/x/crypto/nacl/box",
    "golang.org/x/crypto/nacl/secretbox",
    "golang.org/x/crypto/scrypt",
    "golang.org/x/crypto/ssh/terminal",
  ]
  solver-name = "gps-cdcl"
  solver-version = 1
